
Microsoft Visual Studio Solution File, Format Version 12.00
# Visual Studio Version 16
VisualStudioVersion = 16.0.31424.327
MinimumVisualStudioVersion = 10.0.40219.1
Project("{9A19103F-16F7-4668-BE54-9A1E7A4F7556}") = "MoviesApi", "MoviesApi\MoviesApi.csproj", "{F25297FC-3B0F-4E39-B6E0-C2BBBB54B84D}"
EndProject
Project("{FAE04EC0-301F-11D3-BF4B-00C04F79EFBC}") = "MoviesTests", "MoviesTests\MoviesTests.csproj", "{E52C7FF3-191C-43D8-ADE2-EB0C1CEC296C}"
EndProject
Global
	GlobalSection(SolutionConfigurationPlatforms) = preSolution
		Debug|Any CPU = Debug|Any CPU
		Release|Any CPU = Release|Any CPU
	EndGlobalSection
	GlobalSection(ProjectConfigurationPlatforms) = postSolution
		{F25297FC-3B0F-4E39-B6E0-C2BBBB54B84D}.Debug|Any CPU.ActiveCfg = Debug|Any CPU
		{F25297FC-3B0F-4E39-B6E0-C2BBBB54B84D}.Debug|Any CPU.Build.0 = Debug|Any CPU
		{F25297FC-3B0F-4E39-B6E0-C2BBBB54B84D}.Release|Any CPU.ActiveCfg = Release|Any CPU
		{F25297FC-3B0F-4E39-B6E0-C2BBBB54B84D}.Release|Any CPU.Build.0 = Release|Any CPU
		{E52C7FF3-191C-43D8-ADE2-EB0C1CEC296C}.Debug|Any CPU.ActiveCfg = Debug|Any CPU
		{E52C7FF3-191C-43D8-ADE2-EB0C1CEC296C}.Debug|Any CPU.Build.0 = Debug|Any CPU
		{E52C7FF3-191C-43D8-ADE2-EB0C1CEC296C}.Release|Any CPU.ActiveCfg = Release|Any CPU
		{E52C7FF3-191C-43D8-ADE2-EB0C1CEC296C}.Release|Any CPU.Build.0 = Release|Any CPU
	EndGlobalSection
	GlobalSection(SolutionProperties) = preSolution
		HideSolutionNode = FALSE
	EndGlobalSection
	GlobalSection(ExtensibilityGlobals) = postSolution
		SolutionGuid = {874219AE-32C4-4AE7-8A06-50D47DB5DD3B}
	EndGlobalSection
EndGlobal
